// !$*UTF8*$!
{
	archiveVersion = 1;
	classes = {
	};
	objectVersion = 46;
	objects = {

/* Begin PBXBuildFile section */
		B54188BB14D8B69000CDA227 /* UIKit.framework in Frameworks */ = {isa = PBXBuildFile; fileRef = B54188BA14D8B69000CDA227 /* UIKit.framework */; };
		B54188BD14D8B69000CDA227 /* Foundation.framework in Frameworks */ = {isa = PBXBuildFile; fileRef = B54188BC14D8B69000CDA227 /* Foundation.framework */; };
		B54188BF14D8B69000CDA227 /* CoreGraphics.framework in Frameworks */ = {isa = PBXBuildFile; fileRef = B54188BE14D8B69000CDA227 /* CoreGraphics.framework */; };
		B54188C514D8B69000CDA227 /* InfoPlist.strings in Resources */ = {isa = PBXBuildFile; fileRef = B54188C314D8B69000CDA227 /* InfoPlist.strings */; };
		B54188C714D8B69000CDA227 /* main.m in Sources */ = {isa = PBXBuildFile; fileRef = B54188C614D8B69000CDA227 /* main.m */; };
		B54188CB14D8B69000CDA227 /* AppDelegate.m in Sources */ = {isa = PBXBuildFile; fileRef = B54188CA14D8B69000CDA227 /* AppDelegate.m */; };
		B54188CE14D8B69000CDA227 /* ViewController.m in Sources */ = {isa = PBXBuildFile; fileRef = B54188CD14D8B69000CDA227 /* ViewController.m */; };
		B54188D114D8B69000CDA227 /* ViewController.xib in Resources */ = {isa = PBXBuildFile; fileRef = B54188CF14D8B69000CDA227 /* ViewController.xib */; };
		B587955F14DB490900BC5384 /* SplashPageViewController.m in Sources */ = {isa = PBXBuildFile; fileRef = B587955E14DB490900BC5384 /* SplashPageViewController.m */; };
/* End PBXBuildFile section */

/* Begin PBXFileReference section */
		B54188B614D8B69000CDA227 /* Opening.app */ = {isa = PBXFileReference; explicitFileType = wrapper.application; includeInIndex = 0; path = Opening.app; sourceTree = BUILT_PRODUCTS_DIR; };
		B54188BA14D8B69000CDA227 /* UIKit.framework */ = {isa = PBXFileReference; lastKnownFileType = wrapper.framework; name = UIKit.framework; path = System/Library/Frameworks/UIKit.framework; sourceTree = SDKROOT; };
		B54188BC14D8B69000CDA227 /* Foundation.framework */ = {isa = PBXFileReference; lastKnownFileType = wrapper.framework; name = Foundation.framework; path = System/Library/Frameworks/Foundation.framework; sourceTree = SDKROOT; };
		B54188BE14D8B69000CDA227 /* CoreGraphics.framework */ = {isa = PBXFileReference; lastKnownFileType = wrapper.framework; name = CoreGraphics.framework; path = System/Library/Frameworks/CoreGraphics.framework; sourceTree = SDKROOT; };
		B54188C214D8B69000CDA227 /* Opening-Info.plist */ = {isa = PBXFileReference; lastKnownFileType = text.plist.xml; path = "Opening-Info.plist"; sourceTree = "<group>"; };
		B54188C414D8B69000CDA227 /* en */ = {isa = PBXFileReference; lastKnownFileType = text.plist.strings; name = en; path = en.lproj/InfoPlist.strings; sourceTree = "<group>"; };
		B54188C614D8B69000CDA227 /* main.m */ = {isa = PBXFileReference; lastKnownFileType = sourcecode.c.objc; path = main.m; sourceTree = "<group>"; };
		B54188C814D8B69000CDA227 /* Opening-Prefix.pch */ = {isa = PBXFileReference; lastKnownFileType = sourcecode.c.h; path = "Opening-Prefix.pch"; sourceTree = "<group>"; };
		B54188C914D8B69000CDA227 /* AppDelegate.h */ = {isa = PBXFileReference; lastKnownFileType = sourcecode.c.h; path = AppDelegate.h; sourceTree = "<group>"; };
		B54188CA14D8B69000CDA227 /* AppDelegate.m */ = {isa = PBXFileReference; lastKnownFileType = sourcecode.c.objc; path = AppDelegate.m; sourceTree = "<group>"; };
		B54188CC14D8B69000CDA227 /* ViewController.h */ = {isa = PBXFileReference; lastKnownFileType = sourcecode.c.h; path = ViewController.h; sourceTree = "<group>"; };
		B54188CD14D8B69000CDA227 /* ViewController.m */ = {isa = PBXFileReference; lastKnownFileType = sourcecode.c.objc; path = ViewController.m; sourceTree = "<group>"; };
		B54188D014D8B69000CDA227 /* en */ = {isa = PBXFileReference; lastKnownFileType = file.xib; name = en; path = en.lproj/ViewController.xib; sourceTree = "<group>"; };
		B587955D14DB490900BC5384 /* SplashPageViewController.h */ = {isa = PBXFileReference; fileEncoding = 4; lastKnownFileType = sourcecode.c.h; path = SplashPageViewController.h; sourceTree = "<group>"; };
		B587955E14DB490900BC5384 /* SplashPageViewController.m */ = {isa = PBXFileReference; fileEncoding = 4; lastKnownFileType = sourcecode.c.objc; path = SplashPageViewController.m; sourceTree = "<group>"; };
/* End PBXFileReference section */

/* Begin PBXFrameworksBuildPhase section */
		B54188B314D8B69000CDA227 /* Frameworks */ = {
			isa = PBXFrameworksBuildPhase;
			buildActionMask = 2147483647;
			files = (
				B54188BB14D8B69000CDA227 /* UIKit.framework in Frameworks */,
				B54188BD14D8B69000CDA227 /* Foundation.framework in Frameworks */,
				B54188BF14D8B69000CDA227 /* CoreGraphics.framework in Frameworks */,
			);
			runOnlyForDeploymentPostprocessing = 0;
		};
/* End PBXFrameworksBuildPhase section */

/* Begin PBXGroup section */
		B54188AB14D8B69000CDA227 = {
			isa = PBXGroup;
			children = (
				B54188D714D8B7BD00CDA227 /* Resources */,
				B54188C014D8B69000CDA227 /* Opening */,
				B54188B914D8B69000CDA227 /* Frameworks */,
				B54188B714D8B69000CDA227 /* Products */,
			);
			sourceTree = "<group>";
		};
		B54188B714D8B69000CDA227 /* Products */ = {
			isa = PBXGroup;
			children = (
				B54188B614D8B69000CDA227 /* Opening.app */,
			);
			name = Products;
			sourceTree = "<group>";
		};
		B54188B914D8B69000CDA227 /* Frameworks */ = {
			isa = PBXGroup;
			children = (
				B54188BA14D8B69000CDA227 /* UIKit.framework */,
				B54188BC14D8B69000CDA227 /* Foundation.framework */,
				B54188BE14D8B69000CDA227 /* CoreGraphics.framework */,
			);
			name = Frameworks;
			sourceTree = "<group>";
		};
		B54188C014D8B69000CDA227 /* Opening */ = {
			isa = PBXGroup;
			children = (
				B54188C914D8B69000CDA227 /* AppDelegate.h */,
				B54188CA14D8B69000CDA227 /* AppDelegate.m */,
				B54188CC14D8B69000CDA227 /* ViewController.h */,
				B54188CD14D8B69000CDA227 /* ViewController.m */,
				B54188CF14D8B69000CDA227 /* ViewController.xib */,
				B54188C114D8B69000CDA227 /* Supporting Files */,
				B587955D14DB490900BC5384 /* SplashPageViewController.h */,
				B587955E14DB490900BC5384 /* SplashPageViewController.m */,
			);
			path = Opening;
			sourceTree = "<group>";
		};
		B54188C114D8B69000CDA227 /* Supporting Files */ = {
			isa = PBXGroup;
			children = (
				B54188C214D8B69000CDA227 /* Opening-Info.plist */,
				B54188C314D8B69000CDA227 /* InfoPlist.strings */,
				B54188C614D8B69000CDA227 /* main.m */,
				B54188C814D8B69000CDA227 /* Opening-Prefix.pch */,
			);
			name = "Supporting Files";
			sourceTree = "<group>";
		};
		B54188D714D8B7BD00CDA227 /* Resources */ = {
			isa = PBXGroup;
			children = (
			);
			name = Resources;
			sourceTree = "<group>";
		};
/* End PBXGroup section */

/* Begin PBXNativeTarget section */
		B54188B514D8B69000CDA227 /* Opening */ = {
			isa = PBXNativeTarget;
			buildConfigurationList = B54188D414D8B69000CDA227 /* Build configuration list for PBXNativeTarget "Opening" */;
			buildPhases = (
				B54188B214D8B69000CDA227 /* Sources */,
				B54188B314D8B69000CDA227 /* Frameworks */,
				B54188B414D8B69000CDA227 /* Resources */,
			);
			buildRules = (
			);
			dependencies = (
			);
			name = Opening;
			productName = Opening;
			productReference = B54188B614D8B69000CDA227 /* Opening.app */;
			productType = "com.apple.product-type.application";
		};
/* End PBXNativeTarget section */

/* Begin PBXProject section */
		B54188AD14D8B69000CDA227 /* Project object */ = {
			isa = PBXProject;
			attributes = {
				LastUpgradeCheck = 0420;
			};
			buildConfigurationList = B54188B014D8B69000CDA227 /* Build configuration list for PBXProject "Opening" */;
			compatibilityVersion = "Xcode 3.2";
			developmentRegion = English;
			hasScannedForEncodings = 0;
			knownRegions = (
				en,
			);
			mainGroup = B54188AB14D8B69000CDA227;
			productRefGroup = B54188B714D8B69000CDA227 /* Products */;
			projectDirPath = "";
			projectRoot = "";
			targets = (
				B54188B514D8B69000CDA227 /* Opening */,
			);
		};
/* End PBXProject section */

/* Begin PBXResourcesBuildPhase section */
		B54188B414D8B69000CDA227 /* Resources */ = {
			isa = PBXResourcesBuildPhase;
			buildActionMask = 2147483647;
			files = (
				B54188C514D8B69000CDA227 /* InfoPlist.strings in Resources */,
				B54188D114D8B69000CDA227 /* ViewController.xib in Resources */,
			);
			runOnlyForDeploymentPostprocessing = 0;
		};
/* End PBXResourcesBuildPhase section */

/* Begin PBXSourcesBuildPhase section */
		B54188B214D8B69000CDA227 /* Sources */ = {
			isa = PBXSourcesBuildPhase;
			buildActionMask = 2147483647;
			files = (
				B54188C714D8B69000CDA227 /* main.m in Sources */,
				B54188CB14D8B69000CDA227 /* AppDelegate.m in Sources */,
				B54188CE14D8B69000CDA227 /* ViewController.m in Sources */,
				B587955F14DB490900BC5384 /* SplashPageViewController.m in Sources */,
			);
			runOnlyForDeploymentPostprocessing = 0;
		};
/* End PBXSourcesBuildPhase section */

/* Begin PBXVariantGroup section */
		B54188C314D8B69000CDA227 /* InfoPlist.strings */ = {
			isa = PBXVariantGroup;
			children = (
				B54188C414D8B69000CDA227 /* en */,
			);
			name = InfoPlist.strings;
			sourceTree = "<group>";
		};
		B54188CF14D8B69000CDA227 /* ViewController.xib */ = {
			isa = PBXVariantGroup;
			children = (
				B54188D014D8B69000CDA227 /* en */,
			);
			name = ViewController.xib;
			sourceTree = "<group>";
		};
/* End PBXVariantGroup section */

/* Begin XCBuildConfiguration section */
		B54188D214D8B69000CDA227 /* Debug */ = {
			isa = XCBuildConfiguration;
			buildSettings = {
				ALWAYS_SEARCH_USER_PATHS = NO;
				ARCHS = "$(ARCHS_STANDARD_32_BIT)";
				"CODE_SIGN_IDENTITY[sdk=iphoneos*]" = "iPhone Developer";
				COPY_PHASE_STRIP = NO;
				GCC_C_LANGUAGE_STANDARD = gnu99;
				GCC_DYNAMIC_NO_PIC = NO;
				GCC_OPTIMIZATION_LEVEL = 0;
				GCC_PREPROCESSOR_DEFINITIONS = (
					"DEBUG=1",
					"$(inherited)",
				);
				GCC_SYMBOLS_PRIVATE_EXTERN = NO;
				GCC_VERSION = com.apple.compilers.llvm.clang.1_0;
				GCC_WARN_ABOUT_MISSING_PROTOTYPES = YES;
				GCC_WARN_ABOUT_RETURN_TYPE = YES;
				GCC_WARN_UNUSED_VARIABLE = YES;
				IPHONEOS_DEPLOYMENT_TARGET = 5.0;
				SDKROOT = iphoneos;
			};
			name = Debug;
		};
		B54188D314D8B69000CDA227 /* Release */ = {
			isa = XCBuildConfiguration;
			buildSettings = {
				ALWAYS_SEARCH_USER_PATHS = NO;
				ARCHS = "$(ARCHS_STANDARD_32_BIT)";
				"CODE_SIGN_IDENTITY[sdk=iphoneos*]" = "iPhone Developer";
				COPY_PHASE_STRIP = YES;
				GCC_C_LANGUAGE_STANDARD = gnu99;
				GCC_VERSION = com.apple.compilers.llvm.clang.1_0;
				GCC_WARN_ABOUT_MISSING_PROTOTYPES = YES;
				GCC_WARN_ABOUT_RETURN_TYPE = YES;
				GCC_WARN_UNUSED_VARIABLE = YES;
				IPHONEOS_DEPLOYMENT_TARGET = 5.0;
				OTHER_CFLAGS = "-DNS_BLOCK_ASSERTIONS=1";
				SDKROOT = iphoneos;
				VALIDATE_PRODUCT = YES;
			};
			name = Release;
		};
		B54188D514D8B69000CDA227 /* Debug */ = {
			isa = XCBuildConfiguration;
			buildSettings = {
				GCC_PRECOMPILE_PREFIX_HEADER = YES;
				GCC_PREFIX_HEADER = "Opening/Opening-Prefix.pch";
				INFOPLIST_FILE = "Opening/Opening-Info.plist";
				PRODUCT_NAME = "$(TARGET_NAME)";
				WRAPPER_EXTENSION = app;
			};
			name = Debug;
		};
		B54188D614D8B69000CDA227 /* Release */ = {
			isa = XCBuildConfiguration;
			buildSettings = {
				GCC_PRECOMPILE_PREFIX_HEADER = YES;
				GCC_PREFIX_HEADER = "Opening/Opening-Prefix.pch";
				INFOPLIST_FILE = "Opening/Opening-Info.plist";
				PRODUCT_NAME = "$(TARGET_NAME)";
				WRAPPER_EXTENSION = app;
			};
			name = Release;
		};
/* End XCBuildConfiguration section */

/* Begin XCConfigurationList section */
		B54188B014D8B69000CDA227 /* Build configuration list for PBXProject "Opening" */ = {
			isa = XCConfigurationList;
			buildConfigurations = (
				B54188D214D8B69000CDA227 /* Debug */,
				B54188D314D8B69000CDA227 /* Release */,
			);
			defaultConfigurationIsVisible = 0;
			defaultConfigurationName = Release;
		};
		B54188D414D8B69000CDA227 /* Build configuration list for PBXNativeTarget "Opening" */ = {
			isa = XCConfigurationList;
			buildConfigurations = (
				B54188D514D8B69000CDA227 /* Debug */,
				B54188D614D8B69000CDA227 /* Release */,
			);
			defaultConfigurationIsVisible = 0;
			defaultConfigurationName = Release;
		};
/* End XCConfigurationList section */
	};
	rootObject = B54188AD14D8B69000CDA227 /* Project object */;
}
